{
  "name": "segev-test-dependent",
  "version": "1.0.0",
  "lockfileVersion": 2,
  "requires": true,
  "packages": {
    "": {
      "name": "segev-test-dependent",
      "version": "1.0.0",
      "dependencies": {
        "@segevmalool/segev-test-package": "^0.0.12"
      }
    },
    "node_modules/@segevmalool/segev-test-package": {
      "version": "0.0.12",
      "resolved": "https://npm.pkg.github.com/download/@segevmalool/segev-test-package/0.0.12/7635c59ba7fd2e55603f39ce515e9309c42b8e97",
      "integrity": "sha512-KgO83DDKtJqzpnFbkVP982Amro89IFna4NN8dPa8KAScW7o76ud4/lEA/hvy67rOI5ZuNLqVWOyVUlm+2tbhmw=="
    }
  },
  "dependencies": {
    "@segevmalool/segev-test-package": {
      "version": "0.0.12",
      "resolved": "https://npm.pkg.github.com/download/@segevmalool/segev-test-package/0.0.12/7635c59ba7fd2e55603f39ce515e9309c42b8e97",
      "integrity": "sha512-KgO83DDKtJqzpnFbkVP982Amro89IFna4NN8dPa8KAScW7o76ud4/lEA/hvy67rOI5ZuNLqVWOyVUlm+2tbhmw=="
    }
  }
}
